github.com/fumiama/go-docx v0.0.0-20250506085032-0c30fd09304b h1:/mxSugRc4SgN7XgBtT19dAJ7cAXLTbPmlJLJE4JjRkE=
github.com/fumiama/go-docx v0.0.0-20250506085032-0c30fd09304b/go.mod h1:ssRF0IaB1hCcKIObp3FkZOsjTcAHpgii70JelNb4H8M=
github.com/fumiama/imgsz v0.0.4 h1:Lsasu2hdSSFS+vnD+nvR1UkiRMK7hcpyYCC0FzgSMFI=
github.com/fumiama/imgsz v0.0.4/go.mod h1:bISOQVTlw9sRytPwe8ir7tAaEmyz9hSNj9n8mXMBG0E=
golang.org/x/image v0.34.0 h1:33gCkyw9hmwbZJeZkct8XyR11yH889EQt/QH4VmXMn8=
golang.org/x/image v0.34.0/go.mod h1:2RNFBZRB+vnwwFil8GkMdRvrJOFd1AzdZI6vOY+eJVU=
golang.org/x/net v0.50.0 h1:ucWh9eiCGyDR3vtzso0WMQinm2Dnt8cFMuQa9K33J60=
golang.org/x/net v0.50.0/go.mod h1:UgoSli3F/pBgdJBHCTc+tp3gmrU4XswgGRgtnwWTfyM=
golang.org/x/text v0.34.0 h1:oL/Qq0Kdaqxa1KbNeMKwQq0reLCCaFtqu2eNuSeNHbk=
golang.org/x/text v0.34.0/go.mod h1:homfLqTYRFyVYemLBFl5GgL/DWEiH5wcsQ5gSh1yziA=
